// !$*UTF8*$!
{
	archiveVersion = 1;
	classes = {
	};
	objectVersion = 56;
	objects = {

/* Begin PBXBuildFile section */
		3E0B0D8429C845020099FE03 /* AppDelegate.swift in Sources */ = {isa = PBXBuildFile; fileRef = 3E0B0D8329C845020099FE03 /* AppDelegate.swift */; };
		3E0B0D8629C845020099FE03 /* SceneDelegate.swift in Sources */ = {isa = PBXBuildFile; fileRef = 3E0B0D8529C845020099FE03 /* SceneDelegate.swift */; };
		3E0B0D8829C845020099FE03 /* ViewController.swift in Sources */ = {isa = PBXBuildFile; fileRef = 3E0B0D8729C845020099FE03 /* ViewController.swift */; };
		3E0B0D8B29C845020099FE03 /* Main.storyboard in Resources */ = {isa = PBXBuildFile; fileRef = 3E0B0D8929C845020099FE03 /* Main.storyboard */; };
		3E0B0D8D29C845030099FE03 /* Assets.xcassets in Resources */ = {isa = PBXBuildFile; fileRef = 3E0B0D8C29C845030099FE03 /* Assets.xcassets */; };
		3E0B0D9029C845030099FE03 /* LaunchScreen.storyboard in Resources */ = {isa = PBXBuildFile; fileRef = 3E0B0D8E29C845030099FE03 /* LaunchScreen.storyboard */; };
		3E0B0D9A29C85C230099FE03 /* RxSwiftViewController.swift in Sources */ = {isa = PBXBuildFile; fileRef = 3E0B0D9929C85C230099FE03 /* RxSwiftViewController.swift */; };
		6337F4A740B2DF320F152FA1 /* Pods_RxSwiftComparison.framework in Frameworks */ = {isa = PBXBuildFile; fileRef = 47B30F547E8A8F80DD971C50 /* Pods_RxSwiftComparison.framework */; };
/* End PBXBuildFile section */

/* Begin PBXFileReference section */
		3E0B0D8029C845020099FE03 /* RxSwiftComparison.app */ = {isa = PBXFileReference; explicitFileType = wrapper.application; includeInIndex = 0; path = RxSwiftComparison.app; sourceTree = BUILT_PRODUCTS_DIR; };
		3E0B0D8329C845020099FE03 /* AppDelegate.swift */ = {isa = PBXFileReference; lastKnownFileType = sourcecode.swift; path = AppDelegate.swift; sourceTree = "<group>"; };
		3E0B0D8529C845020099FE03 /* SceneDelegate.swift */ = {isa = PBXFileReference; lastKnownFileType = sourcecode.swift; path = SceneDelegate.swift; sourceTree = "<group>"; };
		3E0B0D8729C845020099FE03 /* ViewController.swift */ = {isa = PBXFileReference; lastKnownFileType = sourcecode.swift; path = ViewController.swift; sourceTree = "<group>"; };
		3E0B0D8A29C845020099FE03 /* Base */ = {isa = PBXFileReference; lastKnownFileType = file.storyboard; name = Base; path = Base.lproj/Main.storyboard; sourceTree = "<group>"; };
		3E0B0D8C29C845030099FE03 /* Assets.xcassets */ = {isa = PBXFileReference; lastKnownFileType = folder.assetcatalog; path = Assets.xcassets; sourceTree = "<group>"; };
		3E0B0D8F29C845030099FE03 /* Base */ = {isa = PBXFileReference; lastKnownFileType = file.storyboard; name = Base; path = Base.lproj/LaunchScreen.storyboard; sourceTree = "<group>"; };
		3E0B0D9129C845040099FE03 /* Info.plist */ = {isa = PBXFileReference; lastKnownFileType = text.plist.xml; path = Info.plist; sourceTree = "<group>"; };
		3E0B0D9929C85C230099FE03 /* RxSwiftViewController.swift */ = {isa = PBXFileReference; lastKnownFileType = sourcecode.swift; path = RxSwiftViewController.swift; sourceTree = "<group>"; };
		47B30F547E8A8F80DD971C50 /* Pods_RxSwiftComparison.framework */ = {isa = PBXFileReference; explicitFileType = wrapper.framework; includeInIndex = 0; path = Pods_RxSwiftComparison.framework; sourceTree = BUILT_PRODUCTS_DIR; };
		BF5D7740BE3C928C2AB57444 /* Pods-RxSwiftComparison.release.xcconfig */ = {isa = PBXFileReference; includeInIndex = 1; lastKnownFileType = text.xcconfig; name = "Pods-RxSwiftComparison.release.xcconfig"; path = "Target Support Files/Pods-RxSwiftComparison/Pods-RxSwiftComparison.release.xcconfig"; sourceTree = "<group>"; };
		C9F131672964B371636996A1 /* Pods-RxSwiftComparison.debug.xcconfig */ = {isa = PBXFileReference; includeInIndex = 1; lastKnownFileType = text.xcconfig; name = "Pods-RxSwiftComparison.debug.xcconfig"; path = "Target Support Files/Pods-RxSwiftComparison/Pods-RxSwiftComparison.debug.xcconfig"; sourceTree = "<group>"; };
/* End PBXFileReference section */

/* Begin PBXFrameworksBuildPhase section */
		3E0B0D7D29C845020099FE03 /* Frameworks */ = {
			isa = PBXFrameworksBuildPhase;
			buildActionMask = 2147483647;
			files = (
				6337F4A740B2DF320F152FA1 /* Pods_RxSwiftComparison.framework in Frameworks */,
			);
			runOnlyForDeploymentPostprocessing = 0;
		};
/* End PBXFrameworksBuildPhase section */

/* Begin PBXGroup section */
		2FED8CCE6196808D3A8C36FB /* Frameworks */ = {
			isa = PBXGroup;
			children = (
				47B30F547E8A8F80DD971C50 /* Pods_RxSwiftComparison.framework */,
			);
			name = Frameworks;
			sourceTree = "<group>";
		};
		3E0B0D7729C845020099FE03 = {
			isa = PBXGroup;
			children = (
				3E0B0D8229C845020099FE03 /* RxSwiftComparison */,
				3E0B0D8129C845020099FE03 /* Products */,
				79DCF630937E9B659C8CCF4E /* Pods */,
				2FED8CCE6196808D3A8C36FB /* Frameworks */,
			);
			sourceTree = "<group>";
		};
		3E0B0D8129C845020099FE03 /* Products */ = {
			isa = PBXGroup;
			children = (
				3E0B0D8029C845020099FE03 /* RxSwiftComparison.app */,
			);
			name = Products;
			sourceTree = "<group>";
		};
		3E0B0D8229C845020099FE03 /* RxSwiftComparison */ = {
			isa = PBXGroup;
			children = (
				3E0B0D8329C845020099FE03 /* AppDelegate.swift */,
				3E0B0D8529C845020099FE03 /* SceneDelegate.swift */,
				3E0B0D8729C845020099FE03 /* ViewController.swift */,
				3E0B0D9929C85C230099FE03 /* RxSwiftViewController.swift */,
				3E0B0D8929C845020099FE03 /* Main.storyboard */,
				3E0B0D8C29C845030099FE03 /* Assets.xcassets */,
				3E0B0D8E29C845030099FE03 /* LaunchScreen.storyboard */,
				3E0B0D9129C845040099FE03 /* Info.plist */,
			);
			path = RxSwiftComparison;
			sourceTree = "<group>";
		};
		79DCF630937E9B659C8CCF4E /* Pods */ = {
			isa = PBXGroup;
			children = (
				C9F131672964B371636996A1 /* Pods-RxSwiftComparison.debug.xcconfig */,
				BF5D7740BE3C928C2AB57444 /* Pods-RxSwiftComparison.release.xcconfig */,
			);
			path = Pods;
			sourceTree = "<group>";
		};
/* End PBXGroup section */

/* Begin PBXNativeTarget section */
		3E0B0D7F29C845020099FE03 /* RxSwiftComparison */ = {
			isa = PBXNativeTarget;
			buildConfigurationList = 3E0B0D9429C845040099FE03 /* Build configuration list for PBXNativeTarget "RxSwiftComparison" */;
			buildPhases = (
				388C78D5BDE87F9E489E567D /* [CP] Check Pods Manifest.lock */,
				3E0B0D7C29C845020099FE03 /* Sources */,
				3E0B0D7D29C845020099FE03 /* Frameworks */,
				3E0B0D7E29C845020099FE03 /* Resources */,
				6C06303340D9F030DFDAD9F5 /* [CP] Embed Pods Frameworks */,
			);
			buildRules = (
			);
			dependencies = (
			);
			name = RxSwiftComparison;
			productName = RxSwiftComparison;
			productReference = 3E0B0D8029C845020099FE03 /* RxSwiftComparison.app */;
			productType = "com.apple.product-type.application";
		};
/* End PBXNativeTarget section */

/* Begin PBXProject section */
		3E0B0D7829C845020099FE03 /* Project object */ = {
			isa = PBXProject;
			attributes = {
				BuildIndependentTargetsInParallel = 1;
				LastSwiftUpdateCheck = 1420;
				LastUpgradeCheck = 1420;
				TargetAttributes = {
					3E0B0D7F29C845020099FE03 = {
						CreatedOnToolsVersion = 14.2;
					};
				};
			};
			buildConfigurationList = 3E0B0D7B29C845020099FE03 /* Build configuration list for PBXProject "RxSwiftComparison" */;
			compatibilityVersion = "Xcode 14.0";
			developmentRegion = en;
			hasScannedForEncodings = 0;
			knownRegions = (
				en,
				Base,
			);
			mainGroup = 3E0B0D7729C845020099FE03;
			productRefGroup = 3E0B0D8129C845020099FE03 /* Products */;
			projectDirPath = "";
			projectRoot = "";
			targets = (
				3E0B0D7F29C845020099FE03 /* RxSwiftComparison */,
			);
		};
/* End PBXProject section */

/* Begin PBXResourcesBuildPhase section */
		3E0B0D7E29C845020099FE03 /* Resources */ = {
			isa = PBXResourcesBuildPhase;
			buildActionMask = 2147483647;
			files = (
				3E0B0D9029C845030099FE03 /* LaunchScreen.storyboard in Resources */,
				3E0B0D8D29C845030099FE03 /* Assets.xcassets in Resources */,
				3E0B0D8B29C845020099FE03 /* Main.storyboard in Resources */,
			);
			runOnlyForDeploymentPostprocessing = 0;
		};
/* End PBXResourcesBuildPhase section */

/* Begin PBXShellScriptBuildPhase section */
		388C78D5BDE87F9E489E567D /* [CP] Check Pods Manifest.lock */ = {
			isa = PBXShellScriptBuildPhase;
			buildActionMask = 2147483647;
			files = (
			);
			inputFileListPaths = (
			);
			inputPaths = (
				"${PODS_PODFILE_DIR_PATH}/Podfile.lock",
				"${PODS_ROOT}/Manifest.lock",
			);
			name = "[CP] Check Pods Manifest.lock";
			outputFileListPaths = (
			);
			outputPaths = (
				"$(DERIVED_FILE_DIR)/Pods-RxSwiftComparison-checkManifestLockResult.txt",
			);
			runOnlyForDeploymentPostprocessing = 0;
			shellPath = /bin/sh;
			shellScript = "diff \"${PODS_PODFILE_DIR_PATH}/Podfile.lock\" \"${PODS_ROOT}/Manifest.lock\" > /dev/null\nif [ $? != 0 ] ; then\n    # print error to STDERR\n    echo \"error: The sandbox is not in sync with the Podfile.lock. Run 'pod install' or update your CocoaPods installation.\" >&2\n    exit 1\nfi\n# This output is used by Xcode 'outputs' to avoid re-running this script phase.\necho \"SUCCESS\" > \"${SCRIPT_OUTPUT_FILE_0}\"\n";
			showEnvVarsInLog = 0;
		};
		6C06303340D9F030DFDAD9F5 /* [CP] Embed Pods Frameworks */ = {
			isa = PBXShellScriptBuildPhase;
			buildActionMask = 2147483647;
			files = (
			);
			inputFileListPaths = (
				"${PODS_ROOT}/Target Support Files/Pods-RxSwiftComparison/Pods-RxSwiftComparison-frameworks-${CONFIGURATION}-input-files.xcfilelist",
			);
			name = "[CP] Embed Pods Frameworks";
			outputFileListPaths = (
				"${PODS_ROOT}/Target Support Files/Pods-RxSwiftComparison/Pods-RxSwiftComparison-frameworks-${CONFIGURATION}-output-files.xcfilelist",
			);
			runOnlyForDeploymentPostprocessing = 0;
			shellPath = /bin/sh;
			shellScript = "\"${PODS_ROOT}/Target Support Files/Pods-RxSwiftComparison/Pods-RxSwiftComparison-frameworks.sh\"\n";
			showEnvVarsInLog = 0;
		};
/* End PBXShellScriptBuildPhase section */

/* Begin PBXSourcesBuildPhase section */
		3E0B0D7C29C845020099FE03 /* Sources */ = {
			isa = PBXSourcesBuildPhase;
			buildActionMask = 2147483647;
			files = (
				3E0B0D9A29C85C230099FE03 /* RxSwiftViewController.swift in Sources */,
				3E0B0D8829C845020099FE03 /* ViewController.swift in Sources */,
				3E0B0D8429C845020099FE03 /* AppDelegate.swift in Sources */,
				3E0B0D8629C845020099FE03 /* SceneDelegate.swift in Sources */,
			);
			runOnlyForDeploymentPostprocessing = 0;
		};
/* End PBXSourcesBuildPhase section */

/* Begin PBXVariantGroup section */
		3E0B0D8929C845020099FE03 /* Main.storyboard */ = {
			isa = PBXVariantGroup;
			children = (
				3E0B0D8A29C845020099FE03 /* Base */,
			);
			name = Main.storyboard;
			sourceTree = "<group>";
		};
		3E0B0D8E29C845030099FE03 /* LaunchScreen.storyboard */ = {
			isa = PBXVariantGroup;
			children = (
				3E0B0D8F29C845030099FE03 /* Base */,
			);
			name = LaunchScreen.storyboard;
			sourceTree = "<group>";
		};
/* End PBXVariantGroup section */

/* Begin XCBuildConfiguration section */
		3E0B0D9229C845040099FE03 /* Debug */ = {
			isa = XCBuildConfiguration;
			buildSettings = {
				ALWAYS_SEARCH_USER_PATHS = NO;
				CLANG_ANALYZER_NONNULL = YES;
				CLANG_ANALYZER_NUMBER_OBJECT_CONVERSION = YES_AGGRESSIVE;
				CLANG_CXX_LANGUAGE_STANDARD = "gnu++20";
				CLANG_ENABLE_MODULES = YES;
				CLANG_ENABLE_OBJC_ARC = YES;
				CLANG_ENABLE_OBJC_WEAK = YES;
				CLANG_WARN_BLOCK_CAPTURE_AUTORELEASING = YES;
				CLANG_WARN_BOOL_CONVERSION = YES;
				CLANG_WARN_COMMA = YES;
				CLANG_WARN_CONSTANT_CONVERSION = YES;
				CLANG_WARN_DEPRECATED_OBJC_IMPLEMENTATIONS = YES;
				CLANG_WARN_DIRECT_OBJC_ISA_USAGE = YES_ERROR;
				CLANG_WARN_DOCUMENTATION_COMMENTS = YES;
				CLANG_WARN_EMPTY_BODY = YES;
				CLANG_WARN_ENUM_CONVERSION = YES;
				CLANG_WARN_INFINITE_RECURSION = YES;
				CLANG_WARN_INT_CONVERSION = YES;
				CLANG_WARN_NON_LITERAL_NULL_CONVERSION = YES;
				CLANG_WARN_OBJC_IMPLICIT_RETAIN_SELF = YES;
				CLANG_WARN_OBJC_LITERAL_CONVERSION = YES;
				CLANG_WARN_OBJC_ROOT_CLASS = YES_ERROR;
				CLANG_WARN_QUOTED_INCLUDE_IN_FRAMEWORK_HEADER = YES;
				CLANG_WARN_RANGE_LOOP_ANALYSIS = YES;
				CLANG_WARN_STRICT_PROTOTYPES = YES;
				CLANG_WARN_SUSPICIOUS_MOVE = YES;
				CLANG_WARN_UNGUARDED_AVAILABILITY = YES_AGGRESSIVE;
				CLANG_WARN_UNREACHABLE_CODE = YES;
				CLANG_WARN__DUPLICATE_METHOD_MATCH = YES;
				COPY_PHASE_STRIP = NO;
				DEBUG_INFORMATION_FORMAT = dwarf;
				ENABLE_STRICT_OBJC_MSGSEND = YES;
				ENABLE_TESTABILITY = YES;
				GCC_C_LANGUAGE_STANDARD = gnu11;
				GCC_DYNAMIC_NO_PIC = NO;
				GCC_NO_COMMON_BLOCKS = YES;
				GCC_OPTIMIZATION_LEVEL = 0;
				GCC_PREPROCESSOR_DEFINITIONS = (
					"DEBUG=1",
					"$(inherited)",
				);
				GCC_WARN_64_TO_32_BIT_CONVERSION = YES;
				GCC_WARN_ABOUT_RETURN_TYPE = YES_ERROR;
				GCC_WARN_UNDECLARED_SELECTOR = YES;
				GCC_WARN_UNINITIALIZED_AUTOS = YES_AGGRESSIVE;
				GCC_WARN_UNUSED_FUNCTION = YES;
				GCC_WARN_UNUSED_VARIABLE = YES;
				IPHONEOS_DEPLOYMENT_TARGET = 16.2;
				MTL_ENABLE_DEBUG_INFO = INCLUDE_SOURCE;
				MTL_FAST_MATH = YES;
				ONLY_ACTIVE_ARCH = YES;
				SDKROOT = iphoneos;
				SWIFT_ACTIVE_COMPILATION_CONDITIONS = DEBUG;
				SWIFT_OPTIMIZATION_LEVEL = "-Onone";
			};
			name = Debug;
		};
		3E0B0D9329C845040099FE03 /* Release */ = {
			isa = XCBuildConfiguration;
			buildSettings = {
				ALWAYS_SEARCH_USER_PATHS = NO;
				CLANG_ANALYZER_NONNULL = YES;
				CLANG_ANALYZER_NUMBER_OBJECT_CONVERSION = YES_AGGRESSIVE;
				CLANG_CXX_LANGUAGE_STANDARD = "gnu++20";
				CLANG_ENABLE_MODULES = YES;
				CLANG_ENABLE_OBJC_ARC = YES;
				CLANG_ENABLE_OBJC_WEAK = YES;
				CLANG_WARN_BLOCK_CAPTURE_AUTORELEASING = YES;
				CLANG_WARN_BOOL_CONVERSION = YES;
				CLANG_WARN_COMMA = YES;
				CLANG_WARN_CONSTANT_CONVERSION = YES;
				CLANG_WARN_DEPRECATED_OBJC_IMPLEMENTATIONS = YES;
				CLANG_WARN_DIRECT_OBJC_ISA_USAGE = YES_ERROR;
				CLANG_WARN_DOCUMENTATION_COMMENTS = YES;
				CLANG_WARN_EMPTY_BODY = YES;
				CLANG_WARN_ENUM_CONVERSION = YES;
				CLANG_WARN_INFINITE_RECURSION = YES;
				CLANG_WARN_INT_CONVERSION = YES;
				CLANG_WARN_NON_LITERAL_NULL_CONVERSION = YES;
				CLANG_WARN_OBJC_IMPLICIT_RETAIN_SELF = YES;
				CLANG_WARN_OBJC_LITERAL_CONVERSION = YES;
				CLANG_WARN_OBJC_ROOT_CLASS = YES_ERROR;
				CLANG_WARN_QUOTED_INCLUDE_IN_FRAMEWORK_HEADER = YES;
				CLANG_WARN_RANGE_LOOP_ANALYSIS = YES;
				CLANG_WARN_STRICT_PROTOTYPES = YES;
				CLANG_WARN_SUSPICIOUS_MOVE = YES;
				CLANG_WARN_UNGUARDED_AVAILABILITY = YES_AGGRESSIVE;
				CLANG_WARN_UNREACHABLE_CODE = YES;
				CLANG_WARN__DUPLICATE_METHOD_MATCH = YES;
				COPY_PHASE_STRIP = NO;
				DEBUG_INFORMATION_FORMAT = "dwarf-with-dsym";
				ENABLE_NS_ASSERTIONS = NO;
				ENABLE_STRICT_OBJC_MSGSEND = YES;
				GCC_C_LANGUAGE_STANDARD = gnu11;
				GCC_NO_COMMON_BLOCKS = YES;
				GCC_WARN_64_TO_32_BIT_CONVERSION = YES;
				GCC_WARN_ABOUT_RETURN_TYPE = YES_ERROR;
				GCC_WARN_UNDECLARED_SELECTOR = YES;
				GCC_WARN_UNINITIALIZED_AUTOS = YES_AGGRESSIVE;
				GCC_WARN_UNUSED_FUNCTION = YES;
				GCC_WARN_UNUSED_VARIABLE = YES;
				IPHONEOS_DEPLOYMENT_TARGET = 16.2;
				MTL_ENABLE_DEBUG_INFO = NO;
				MTL_FAST_MATH = YES;
				SDKROOT = iphoneos;
				SWIFT_COMPILATION_MODE = wholemodule;
				SWIFT_OPTIMIZATION_LEVEL = "-O";
				VALIDATE_PRODUCT = YES;
			};
			name = Release;
		};
		3E0B0D9529C845040099FE03 /* Debug */ = {
			isa = XCBuildConfiguration;
			baseConfigurationReference = C9F131672964B371636996A1 /* Pods-RxSwiftComparison.debug.xcconfig */;
			buildSettings = {
				ASSETCATALOG_COMPILER_APPICON_NAME = AppIcon;
				ASSETCATALOG_COMPILER_GLOBAL_ACCENT_COLOR_NAME = AccentColor;
				CODE_SIGN_STYLE = Automatic;
				CURRENT_PROJECT_VERSION = 1;
				DEVELOPMENT_TEAM = 7FHY9673Y8;
				GENERATE_INFOPLIST_FILE = YES;
				INFOPLIST_FILE = RxSwiftComparison/Info.plist;
				INFOPLIST_KEY_UIApplicationSupportsIndirectInputEvents = YES;
				INFOPLIST_KEY_UILaunchStoryboardName = LaunchScreen;
				INFOPLIST_KEY_UIMainStoryboardFile = Main;
				INFOPLIST_KEY_UISupportedInterfaceOrientations_iPad = "UIInterfaceOrientationPortrait UIInterfaceOrientationPortraitUpsideDown UIInterfaceOrientationLandscapeLeft UIInterfaceOrientationLandscapeRight";
				INFOPLIST_KEY_UISupportedInterfaceOrientations_iPhone = "UIInterfaceOrientationPortrait UIInterfaceOrientationLandscapeLeft UIInterfaceOrientationLandscapeRight";
				LD_RUNPATH_SEARCH_PATHS = (
					"$(inherited)",
					"@executable_path/Frameworks",
				);
				MARKETING_VERSION = 1.0;
				PRODUCT_BUNDLE_IDENTIFIER = com.yasunari.RxSwiftComparison;
				PRODUCT_NAME = "$(TARGET_NAME)";
				SWIFT_EMIT_LOC_STRINGS = YES;
				SWIFT_VERSION = 5.0;
				TARGETED_DEVICE_FAMILY = "1,2";
			};
			name = Debug;
		};
		3E0B0D9629C845040099FE03 /* Release */ = {
			isa = XCBuildConfiguration;
			baseConfigurationReference = BF5D7740BE3C928C2AB57444 /* Pods-RxSwiftComparison.release.xcconfig */;
			buildSettings = {
				ASSETCATALOG_COMPILER_APPICON_NAME = AppIcon;
				ASSETCATALOG_COMPILER_GLOBAL_ACCENT_COLOR_NAME = AccentColor;
				CODE_SIGN_STYLE = Automatic;
				CURRENT_PROJECT_VERSION = 1;
				DEVELOPMENT_TEAM = 7FHY9673Y8;
				GENERATE_INFOPLIST_FILE = YES;
				INFOPLIST_FILE = RxSwiftComparison/Info.plist;
				INFOPLIST_KEY_UIApplicationSupportsIndirectInputEvents = YES;
				INFOPLIST_KEY_UILaunchStoryboardName = LaunchScreen;
				INFOPLIST_KEY_UIMainStoryboardFile = Main;
				INFOPLIST_KEY_UISupportedInterfaceOrientations_iPad = "UIInterfaceOrientationPortrait UIInterfaceOrientationPortraitUpsideDown UIInterfaceOrientationLandscapeLeft UIInterfaceOrientationLandscapeRight";
				INFOPLIST_KEY_UISupportedInterfaceOrientations_iPhone = "UIInterfaceOrientationPortrait UIInterfaceOrientationLandscapeLeft UIInterfaceOrientationLandscapeRight";
				LD_RUNPATH_SEARCH_PATHS = (
					"$(inherited)",
					"@executable_path/Frameworks",
				);
				MARKETING_VERSION = 1.0;
				PRODUCT_BUNDLE_IDENTIFIER = com.yasunari.RxSwiftComparison;
				PRODUCT_NAME = "$(TARGET_NAME)";
				SWIFT_EMIT_LOC_STRINGS = YES;
				SWIFT_VERSION = 5.0;
				TARGETED_DEVICE_FAMILY = "1,2";
			};
			name = Release;
		};
/* End XCBuildConfiguration section */

/* Begin XCConfigurationList section */
		3E0B0D7B29C845020099FE03 /* Build configuration list for PBXProject "RxSwiftComparison" */ = {
			isa = XCConfigurationList;
			buildConfigurations = (
				3E0B0D9229C845040099FE03 /* Debug */,
				3E0B0D9329C845040099FE03 /* Release */,
			);
			defaultConfigurationIsVisible = 0;
			defaultConfigurationName = Release;
		};
		3E0B0D9429C845040099FE03 /* Build configuration list for PBXNativeTarget "RxSwiftComparison" */ = {
			isa = XCConfigurationList;
			buildConfigurations = (
				3E0B0D9529C845040099FE03 /* Debug */,
				3E0B0D9629C845040099FE03 /* Release */,
			);
			defaultConfigurationIsVisible = 0;
			defaultConfigurationName = Release;
		};
/* End XCConfigurationList section */
	};
	rootObject = 3E0B0D7829C845020099FE03 /* Project object */;
}
